
Microsoft Visual Studio Solution File, Format Version 12.00
# Visual Studio 15
VisualStudioVersion = 15.0.28307.1062
MinimumVisualStudioVersion = 10.0.40219.1
Project("{FAE04EC0-301F-11D3-BF4B-00C04F79EFBC}") = "チーム分け", "チーム分け\チーム分け.csproj", "{62D346D1-D20A-4A2B-9F47-9C59C138C2F0}"
EndProject
Global
	GlobalSection(SolutionConfigurationPlatforms) = preSolution
		Debug|Any CPU = Debug|Any CPU
		Release|Any CPU = Release|Any CPU
	EndGlobalSection
	GlobalSection(ProjectConfigurationPlatforms) = postSolution
		{62D346D1-D20A-4A2B-9F47-9C59C138C2F0}.Debug|Any CPU.ActiveCfg = Debug|Any CPU
		{62D346D1-D20A-4A2B-9F47-9C59C138C2F0}.Debug|Any CPU.Build.0 = Debug|Any CPU
		{62D346D1-D20A-4A2B-9F47-9C59C138C2F0}.Release|Any CPU.ActiveCfg = Release|Any CPU
		{62D346D1-D20A-4A2B-9F47-9C59C138C2F0}.Release|Any CPU.Build.0 = Release|Any CPU
	EndGlobalSection
	GlobalSection(SolutionProperties) = preSolution
		HideSolutionNode = FALSE
	EndGlobalSection
	GlobalSection(ExtensibilityGlobals) = postSolution
		SolutionGuid = {CFE8B566-F27D-49C8-8ECE-8C74C0B5FD6F}
	EndGlobalSection
EndGlobal
